// !$*UTF8*$!
{
	archiveVersion = 1;
	classes = {
	};
	objectVersion = 50;
	objects = {

/* Begin PBXBuildFile section */
		1C1165A123864EF20013093C /* AppDelegate.swift in Sources */ = {isa = PBXBuildFile; fileRef = 1C1165A023864EF20013093C /* AppDelegate.swift */; };
		1C1165A323864EF20013093C /* SceneDelegate.swift in Sources */ = {isa = PBXBuildFile; fileRef = 1C1165A223864EF20013093C /* SceneDelegate.swift */; };
		1C1165A523864EF20013093C /* ViewController.swift in Sources */ = {isa = PBXBuildFile; fileRef = 1C1165A423864EF20013093C /* ViewController.swift */; };
		1C1165A823864EF20013093C /* Main.storyboard in Resources */ = {isa = PBXBuildFile; fileRef = 1C1165A623864EF20013093C /* Main.storyboard */; };
		1C1165AD23864EF30013093C /* LaunchScreen.storyboard in Resources */ = {isa = PBXBuildFile; fileRef = 1C1165AB23864EF30013093C /* LaunchScreen.storyboard */; };
		1C1165B52386504D0013093C /* Extensions.swift in Sources */ = {isa = PBXBuildFile; fileRef = 1C1165B42386504D0013093C /* Extensions.swift */; };
		1C1165B7238657300013093C /* GrassView.swift in Sources */ = {isa = PBXBuildFile; fileRef = 1C1165B6238657300013093C /* GrassView.swift */; };
		1C1165B92386581B0013093C /* GitAccess.swift in Sources */ = {isa = PBXBuildFile; fileRef = 1C1165B82386581B0013093C /* GitAccess.swift */; };
		1C1165BB2386582D0013093C /* GitParser.swift in Sources */ = {isa = PBXBuildFile; fileRef = 1C1165BA2386582D0013093C /* GitParser.swift */; };
		1C1165C4238659880013093C /* NotificationCenter.framework in Frameworks */ = {isa = PBXBuildFile; fileRef = 1C1165C3238659880013093C /* NotificationCenter.framework */; };
		1C1165C7238659880013093C /* TodayViewController.swift in Sources */ = {isa = PBXBuildFile; fileRef = 1C1165C6238659880013093C /* TodayViewController.swift */; };
		1C1165CA238659880013093C /* MainInterface.storyboard in Resources */ = {isa = PBXBuildFile; fileRef = 1C1165C8238659880013093C /* MainInterface.storyboard */; };
		1C1165CE238659880013093C /* GitGrassExtension.appex in Embed App Extensions */ = {isa = PBXBuildFile; fileRef = 1C1165C1238659880013093C /* GitGrassExtension.appex */; settings = {ATTRIBUTES = (RemoveHeadersOnCopy, ); }; };
		1C1165D423865AAA0013093C /* GrassView.swift in Sources */ = {isa = PBXBuildFile; fileRef = 1C1165B6238657300013093C /* GrassView.swift */; };
		1C1165D523865AAA0013093C /* GitAccess.swift in Sources */ = {isa = PBXBuildFile; fileRef = 1C1165B82386581B0013093C /* GitAccess.swift */; };
		1C1165D623865AAA0013093C /* GitParser.swift in Sources */ = {isa = PBXBuildFile; fileRef = 1C1165BA2386582D0013093C /* GitParser.swift */; };
		1C1165D7238665CE0013093C /* Extensions.swift in Sources */ = {isa = PBXBuildFile; fileRef = 1C1165B42386504D0013093C /* Extensions.swift */; };
		1C1165D92386713D0013093C /* DayData.swift in Sources */ = {isa = PBXBuildFile; fileRef = 1C1165D82386713D0013093C /* DayData.swift */; };
		1C1165DA238679130013093C /* DayData.swift in Sources */ = {isa = PBXBuildFile; fileRef = 1C1165D82386713D0013093C /* DayData.swift */; };
		1C1165DE23867E450013093C /* Assets.xcassets in Resources */ = {isa = PBXBuildFile; fileRef = 1C1165A923864EF30013093C /* Assets.xcassets */; };
		1C1165DF23867E500013093C /* Assets.xcassets in Resources */ = {isa = PBXBuildFile; fileRef = 1C1165A923864EF30013093C /* Assets.xcassets */; };
/* End PBXBuildFile section */

/* Begin PBXContainerItemProxy section */
		1C1165CC238659880013093C /* PBXContainerItemProxy */ = {
			isa = PBXContainerItemProxy;
			containerPortal = 1C11659523864EF20013093C /* Project object */;
			proxyType = 1;
			remoteGlobalIDString = 1C1165C0238659880013093C;
			remoteInfo = GitGrassExtension;
		};
/* End PBXContainerItemProxy section */

/* Begin PBXCopyFilesBuildPhase section */
		1C1165D2238659880013093C /* Embed App Extensions */ = {
			isa = PBXCopyFilesBuildPhase;
			buildActionMask = 2147483647;
			dstPath = "";
			dstSubfolderSpec = 13;
			files = (
				1C1165CE238659880013093C /* GitGrassExtension.appex in Embed App Extensions */,
			);
			name = "Embed App Extensions";
			runOnlyForDeploymentPostprocessing = 0;
		};
/* End PBXCopyFilesBuildPhase section */

/* Begin PBXFileReference section */
		1C11659D23864EF20013093C /* GitGrass.app */ = {isa = PBXFileReference; explicitFileType = wrapper.application; includeInIndex = 0; path = GitGrass.app; sourceTree = BUILT_PRODUCTS_DIR; };
		1C1165A023864EF20013093C /* AppDelegate.swift */ = {isa = PBXFileReference; lastKnownFileType = sourcecode.swift; path = AppDelegate.swift; sourceTree = "<group>"; };
		1C1165A223864EF20013093C /* SceneDelegate.swift */ = {isa = PBXFileReference; lastKnownFileType = sourcecode.swift; path = SceneDelegate.swift; sourceTree = "<group>"; };
		1C1165A423864EF20013093C /* ViewController.swift */ = {isa = PBXFileReference; lastKnownFileType = sourcecode.swift; path = ViewController.swift; sourceTree = "<group>"; };
		1C1165A723864EF20013093C /* Base */ = {isa = PBXFileReference; lastKnownFileType = file.storyboard; name = Base; path = Base.lproj/Main.storyboard; sourceTree = "<group>"; };
		1C1165A923864EF30013093C /* Assets.xcassets */ = {isa = PBXFileReference; lastKnownFileType = folder.assetcatalog; path = Assets.xcassets; sourceTree = "<group>"; };
		1C1165AC23864EF30013093C /* Base */ = {isa = PBXFileReference; lastKnownFileType = file.storyboard; name = Base; path = Base.lproj/LaunchScreen.storyboard; sourceTree = "<group>"; };
		1C1165AE23864EF30013093C /* Info.plist */ = {isa = PBXFileReference; lastKnownFileType = text.plist.xml; path = Info.plist; sourceTree = "<group>"; };
		1C1165B42386504D0013093C /* Extensions.swift */ = {isa = PBXFileReference; lastKnownFileType = sourcecode.swift; path = Extensions.swift; sourceTree = "<group>"; };
		1C1165B6238657300013093C /* GrassView.swift */ = {isa = PBXFileReference; lastKnownFileType = sourcecode.swift; path = GrassView.swift; sourceTree = "<group>"; };
		1C1165B82386581B0013093C /* GitAccess.swift */ = {isa = PBXFileReference; lastKnownFileType = sourcecode.swift; path = GitAccess.swift; sourceTree = "<group>"; };
		1C1165BA2386582D0013093C /* GitParser.swift */ = {isa = PBXFileReference; lastKnownFileType = sourcecode.swift; path = GitParser.swift; sourceTree = "<group>"; };
		1C1165BC238658F60013093C /* GitGrassDebug.entitlements */ = {isa = PBXFileReference; lastKnownFileType = text.plist.entitlements; path = GitGrassDebug.entitlements; sourceTree = "<group>"; };
		1C1165C1238659880013093C /* GitGrassExtension.appex */ = {isa = PBXFileReference; explicitFileType = "wrapper.app-extension"; includeInIndex = 0; path = GitGrassExtension.appex; sourceTree = BUILT_PRODUCTS_DIR; };
		1C1165C3238659880013093C /* NotificationCenter.framework */ = {isa = PBXFileReference; lastKnownFileType = wrapper.framework; name = NotificationCenter.framework; path = System/Library/Frameworks/NotificationCenter.framework; sourceTree = SDKROOT; };
		1C1165C6238659880013093C /* TodayViewController.swift */ = {isa = PBXFileReference; lastKnownFileType = sourcecode.swift; path = TodayViewController.swift; sourceTree = "<group>"; };
		1C1165C9238659880013093C /* Base */ = {isa = PBXFileReference; lastKnownFileType = file.storyboard; name = Base; path = Base.lproj/MainInterface.storyboard; sourceTree = "<group>"; };
		1C1165CB238659880013093C /* Info.plist */ = {isa = PBXFileReference; lastKnownFileType = text.plist.xml; path = Info.plist; sourceTree = "<group>"; };
		1C1165D32386599A0013093C /* GitGrassExtension.entitlements */ = {isa = PBXFileReference; lastKnownFileType = text.plist.entitlements; path = GitGrassExtension.entitlements; sourceTree = "<group>"; };
		1C1165D82386713D0013093C /* DayData.swift */ = {isa = PBXFileReference; lastKnownFileType = sourcecode.swift; path = DayData.swift; sourceTree = "<group>"; };
/* End PBXFileReference section */

/* Begin PBXFrameworksBuildPhase section */
		1C11659A23864EF20013093C /* Frameworks */ = {
			isa = PBXFrameworksBuildPhase;
			buildActionMask = 2147483647;
			files = (
			);
			runOnlyForDeploymentPostprocessing = 0;
		};
		1C1165BE238659880013093C /* Frameworks */ = {
			isa = PBXFrameworksBuildPhase;
			buildActionMask = 2147483647;
			files = (
				1C1165C4238659880013093C /* NotificationCenter.framework in Frameworks */,
			);
			runOnlyForDeploymentPostprocessing = 0;
		};
/* End PBXFrameworksBuildPhase section */

/* Begin PBXGroup section */
		1C11659423864EF20013093C = {
			isa = PBXGroup;
			children = (
				1C11659F23864EF20013093C /* GitGrass */,
				1C1165C5238659880013093C /* GitGrassExtension */,
				1C1165C2238659880013093C /* Frameworks */,
				1C11659E23864EF20013093C /* Products */,
			);
			sourceTree = "<group>";
		};
		1C11659E23864EF20013093C /* Products */ = {
			isa = PBXGroup;
			children = (
				1C11659D23864EF20013093C /* GitGrass.app */,
				1C1165C1238659880013093C /* GitGrassExtension.appex */,
			);
			name = Products;
			sourceTree = "<group>";
		};
		1C11659F23864EF20013093C /* GitGrass */ = {
			isa = PBXGroup;
			children = (
				1C1165BC238658F60013093C /* GitGrassDebug.entitlements */,
				1C1165B42386504D0013093C /* Extensions.swift */,
				1C1165A023864EF20013093C /* AppDelegate.swift */,
				1C1165A223864EF20013093C /* SceneDelegate.swift */,
				1C1165A423864EF20013093C /* ViewController.swift */,
				1C1165B6238657300013093C /* GrassView.swift */,
				1C1165B82386581B0013093C /* GitAccess.swift */,
				1C1165D82386713D0013093C /* DayData.swift */,
				1C1165BA2386582D0013093C /* GitParser.swift */,
				1C1165A623864EF20013093C /* Main.storyboard */,
				1C1165A923864EF30013093C /* Assets.xcassets */,
				1C1165AB23864EF30013093C /* LaunchScreen.storyboard */,
				1C1165AE23864EF30013093C /* Info.plist */,
			);
			path = GitGrass;
			sourceTree = "<group>";
		};
		1C1165C2238659880013093C /* Frameworks */ = {
			isa = PBXGroup;
			children = (
				1C1165C3238659880013093C /* NotificationCenter.framework */,
			);
			name = Frameworks;
			sourceTree = "<group>";
		};
		1C1165C5238659880013093C /* GitGrassExtension */ = {
			isa = PBXGroup;
			children = (
				1C1165D32386599A0013093C /* GitGrassExtension.entitlements */,
				1C1165C6238659880013093C /* TodayViewController.swift */,
				1C1165C8238659880013093C /* MainInterface.storyboard */,
				1C1165CB238659880013093C /* Info.plist */,
			);
			path = GitGrassExtension;
			sourceTree = "<group>";
		};
/* End PBXGroup section */

/* Begin PBXNativeTarget section */
		1C11659C23864EF20013093C /* GitGrass */ = {
			isa = PBXNativeTarget;
			buildConfigurationList = 1C1165B123864EF30013093C /* Build configuration list for PBXNativeTarget "GitGrass" */;
			buildPhases = (
				1C11659923864EF20013093C /* Sources */,
				1C11659A23864EF20013093C /* Frameworks */,
				1C11659B23864EF20013093C /* Resources */,
				1C1165D2238659880013093C /* Embed App Extensions */,
			);
			buildRules = (
			);
			dependencies = (
				1C1165CD238659880013093C /* PBXTargetDependency */,
			);
			name = GitGrass;
			productName = GitGrass;
			productReference = 1C11659D23864EF20013093C /* GitGrass.app */;
			productType = "com.apple.product-type.application";
		};
		1C1165C0238659880013093C /* GitGrassExtension */ = {
			isa = PBXNativeTarget;
			buildConfigurationList = 1C1165CF238659880013093C /* Build configuration list for PBXNativeTarget "GitGrassExtension" */;
			buildPhases = (
				1C1165BD238659880013093C /* Sources */,
				1C1165BE238659880013093C /* Frameworks */,
				1C1165BF238659880013093C /* Resources */,
			);
			buildRules = (
			);
			dependencies = (
			);
			name = GitGrassExtension;
			productName = GitGrassExtension;
			productReference = 1C1165C1238659880013093C /* GitGrassExtension.appex */;
			productType = "com.apple.product-type.app-extension";
		};
/* End PBXNativeTarget section */

/* Begin PBXProject section */
		1C11659523864EF20013093C /* Project object */ = {
			isa = PBXProject;
			attributes = {
				LastSwiftUpdateCheck = 1120;
				LastUpgradeCheck = 1120;
				ORGANIZATIONNAME = "Takuto Nakamura";
				TargetAttributes = {
					1C11659C23864EF20013093C = {
						CreatedOnToolsVersion = 11.2.1;
					};
					1C1165C0238659880013093C = {
						CreatedOnToolsVersion = 11.2.1;
					};
				};
			};
			buildConfigurationList = 1C11659823864EF20013093C /* Build configuration list for PBXProject "GitGrass" */;
			compatibilityVersion = "Xcode 9.3";
			developmentRegion = en;
			hasScannedForEncodings = 0;
			knownRegions = (
				en,
				Base,
			);
			mainGroup = 1C11659423864EF20013093C;
			productRefGroup = 1C11659E23864EF20013093C /* Products */;
			projectDirPath = "";
			projectRoot = "";
			targets = (
				1C11659C23864EF20013093C /* GitGrass */,
				1C1165C0238659880013093C /* GitGrassExtension */,
			);
		};
/* End PBXProject section */

/* Begin PBXResourcesBuildPhase section */
		1C11659B23864EF20013093C /* Resources */ = {
			isa = PBXResourcesBuildPhase;
			buildActionMask = 2147483647;
			files = (
				1C1165AD23864EF30013093C /* LaunchScreen.storyboard in Resources */,
				1C1165DE23867E450013093C /* Assets.xcassets in Resources */,
				1C1165A823864EF20013093C /* Main.storyboard in Resources */,
			);
			runOnlyForDeploymentPostprocessing = 0;
		};
		1C1165BF238659880013093C /* Resources */ = {
			isa = PBXResourcesBuildPhase;
			buildActionMask = 2147483647;
			files = (
				1C1165DF23867E500013093C /* Assets.xcassets in Resources */,
				1C1165CA238659880013093C /* MainInterface.storyboard in Resources */,
			);
			runOnlyForDeploymentPostprocessing = 0;
		};
/* End PBXResourcesBuildPhase section */

/* Begin PBXSourcesBuildPhase section */
		1C11659923864EF20013093C /* Sources */ = {
			isa = PBXSourcesBuildPhase;
			buildActionMask = 2147483647;
			files = (
				1C1165D92386713D0013093C /* DayData.swift in Sources */,
				1C1165B92386581B0013093C /* GitAccess.swift in Sources */,
				1C1165BB2386582D0013093C /* GitParser.swift in Sources */,
				1C1165A523864EF20013093C /* ViewController.swift in Sources */,
				1C1165A123864EF20013093C /* AppDelegate.swift in Sources */,
				1C1165B7238657300013093C /* GrassView.swift in Sources */,
				1C1165A323864EF20013093C /* SceneDelegate.swift in Sources */,
				1C1165B52386504D0013093C /* Extensions.swift in Sources */,
			);
			runOnlyForDeploymentPostprocessing = 0;
		};
		1C1165BD238659880013093C /* Sources */ = {
			isa = PBXSourcesBuildPhase;
			buildActionMask = 2147483647;
			files = (
				1C1165DA238679130013093C /* DayData.swift in Sources */,
				1C1165D7238665CE0013093C /* Extensions.swift in Sources */,
				1C1165D523865AAA0013093C /* GitAccess.swift in Sources */,
				1C1165C7238659880013093C /* TodayViewController.swift in Sources */,
				1C1165D423865AAA0013093C /* GrassView.swift in Sources */,
				1C1165D623865AAA0013093C /* GitParser.swift in Sources */,
			);
			runOnlyForDeploymentPostprocessing = 0;
		};
/* End PBXSourcesBuildPhase section */

/* Begin PBXTargetDependency section */
		1C1165CD238659880013093C /* PBXTargetDependency */ = {
			isa = PBXTargetDependency;
			target = 1C1165C0238659880013093C /* GitGrassExtension */;
			targetProxy = 1C1165CC238659880013093C /* PBXContainerItemProxy */;
		};
/* End PBXTargetDependency section */

/* Begin PBXVariantGroup section */
		1C1165A623864EF20013093C /* Main.storyboard */ = {
			isa = PBXVariantGroup;
			children = (
				1C1165A723864EF20013093C /* Base */,
			);
			name = Main.storyboard;
			sourceTree = "<group>";
		};
		1C1165AB23864EF30013093C /* LaunchScreen.storyboard */ = {
			isa = PBXVariantGroup;
			children = (
				1C1165AC23864EF30013093C /* Base */,
			);
			name = LaunchScreen.storyboard;
			sourceTree = "<group>";
		};
		1C1165C8238659880013093C /* MainInterface.storyboard */ = {
			isa = PBXVariantGroup;
			children = (
				1C1165C9238659880013093C /* Base */,
			);
			name = MainInterface.storyboard;
			sourceTree = "<group>";
		};
/* End PBXVariantGroup section */

/* Begin XCBuildConfiguration section */
		1C1165AF23864EF30013093C /* Debug */ = {
			isa = XCBuildConfiguration;
			buildSettings = {
				ALWAYS_SEARCH_USER_PATHS = NO;
				CLANG_ANALYZER_NONNULL = YES;
				CLANG_ANALYZER_NUMBER_OBJECT_CONVERSION = YES_AGGRESSIVE;
				CLANG_CXX_LANGUAGE_STANDARD = "gnu++14";
				CLANG_CXX_LIBRARY = "libc++";
				CLANG_ENABLE_MODULES = YES;
				CLANG_ENABLE_OBJC_ARC = YES;
				CLANG_ENABLE_OBJC_WEAK = YES;
				CLANG_WARN_BLOCK_CAPTURE_AUTORELEASING = YES;
				CLANG_WARN_BOOL_CONVERSION = YES;
				CLANG_WARN_COMMA = YES;
				CLANG_WARN_CONSTANT_CONVERSION = YES;
				CLANG_WARN_DEPRECATED_OBJC_IMPLEMENTATIONS = YES;
				CLANG_WARN_DIRECT_OBJC_ISA_USAGE = YES_ERROR;
				CLANG_WARN_DOCUMENTATION_COMMENTS = YES;
				CLANG_WARN_EMPTY_BODY = YES;
				CLANG_WARN_ENUM_CONVERSION = YES;
				CLANG_WARN_INFINITE_RECURSION = YES;
				CLANG_WARN_INT_CONVERSION = YES;
				CLANG_WARN_NON_LITERAL_NULL_CONVERSION = YES;
				CLANG_WARN_OBJC_IMPLICIT_RETAIN_SELF = YES;
				CLANG_WARN_OBJC_LITERAL_CONVERSION = YES;
				CLANG_WARN_OBJC_ROOT_CLASS = YES_ERROR;
				CLANG_WARN_RANGE_LOOP_ANALYSIS = YES;
				CLANG_WARN_STRICT_PROTOTYPES = YES;
				CLANG_WARN_SUSPICIOUS_MOVE = YES;
				CLANG_WARN_UNGUARDED_AVAILABILITY = YES_AGGRESSIVE;
				CLANG_WARN_UNREACHABLE_CODE = YES;
				CLANG_WARN__DUPLICATE_METHOD_MATCH = YES;
				COPY_PHASE_STRIP = NO;
				DEBUG_INFORMATION_FORMAT = dwarf;
				ENABLE_STRICT_OBJC_MSGSEND = YES;
				ENABLE_TESTABILITY = YES;
				GCC_C_LANGUAGE_STANDARD = gnu11;
				GCC_DYNAMIC_NO_PIC = NO;
				GCC_NO_COMMON_BLOCKS = YES;
				GCC_OPTIMIZATION_LEVEL = 0;
				GCC_PREPROCESSOR_DEFINITIONS = (
					"DEBUG=1",
					"$(inherited)",
				);
				GCC_WARN_64_TO_32_BIT_CONVERSION = YES;
				GCC_WARN_ABOUT_RETURN_TYPE = YES_ERROR;
				GCC_WARN_UNDECLARED_SELECTOR = YES;
				GCC_WARN_UNINITIALIZED_AUTOS = YES_AGGRESSIVE;
				GCC_WARN_UNUSED_FUNCTION = YES;
				GCC_WARN_UNUSED_VARIABLE = YES;
				IPHONEOS_DEPLOYMENT_TARGET = 13.2;
				MTL_ENABLE_DEBUG_INFO = INCLUDE_SOURCE;
				MTL_FAST_MATH = YES;
				ONLY_ACTIVE_ARCH = YES;
				SDKROOT = iphoneos;
				SWIFT_ACTIVE_COMPILATION_CONDITIONS = DEBUG;
				SWIFT_OPTIMIZATION_LEVEL = "-Onone";
			};
			name = Debug;
		};
		1C1165B023864EF30013093C /* Release */ = {
			isa = XCBuildConfiguration;
			buildSettings = {
				ALWAYS_SEARCH_USER_PATHS = NO;
				CLANG_ANALYZER_NONNULL = YES;
				CLANG_ANALYZER_NUMBER_OBJECT_CONVERSION = YES_AGGRESSIVE;
				CLANG_CXX_LANGUAGE_STANDARD = "gnu++14";
				CLANG_CXX_LIBRARY = "libc++";
				CLANG_ENABLE_MODULES = YES;
				CLANG_ENABLE_OBJC_ARC = YES;
				CLANG_ENABLE_OBJC_WEAK = YES;
				CLANG_WARN_BLOCK_CAPTURE_AUTORELEASING = YES;
				CLANG_WARN_BOOL_CONVERSION = YES;
				CLANG_WARN_COMMA = YES;
				CLANG_WARN_CONSTANT_CONVERSION = YES;
				CLANG_WARN_DEPRECATED_OBJC_IMPLEMENTATIONS = YES;
				CLANG_WARN_DIRECT_OBJC_ISA_USAGE = YES_ERROR;
				CLANG_WARN_DOCUMENTATION_COMMENTS = YES;
				CLANG_WARN_EMPTY_BODY = YES;
				CLANG_WARN_ENUM_CONVERSION = YES;
				CLANG_WARN_INFINITE_RECURSION = YES;
				CLANG_WARN_INT_CONVERSION = YES;
				CLANG_WARN_NON_LITERAL_NULL_CONVERSION = YES;
				CLANG_WARN_OBJC_IMPLICIT_RETAIN_SELF = YES;
				CLANG_WARN_OBJC_LITERAL_CONVERSION = YES;
				CLANG_WARN_OBJC_ROOT_CLASS = YES_ERROR;
				CLANG_WARN_RANGE_LOOP_ANALYSIS = YES;
				CLANG_WARN_STRICT_PROTOTYPES = YES;
				CLANG_WARN_SUSPICIOUS_MOVE = YES;
				CLANG_WARN_UNGUARDED_AVAILABILITY = YES_AGGRESSIVE;
				CLANG_WARN_UNREACHABLE_CODE = YES;
				CLANG_WARN__DUPLICATE_METHOD_MATCH = YES;
				COPY_PHASE_STRIP = NO;
				DEBUG_INFORMATION_FORMAT = "dwarf-with-dsym";
				ENABLE_NS_ASSERTIONS = NO;
				ENABLE_STRICT_OBJC_MSGSEND = YES;
				GCC_C_LANGUAGE_STANDARD = gnu11;
				GCC_NO_COMMON_BLOCKS = YES;
				GCC_WARN_64_TO_32_BIT_CONVERSION = YES;
				GCC_WARN_ABOUT_RETURN_TYPE = YES_ERROR;
				GCC_WARN_UNDECLARED_SELECTOR = YES;
				GCC_WARN_UNINITIALIZED_AUTOS = YES_AGGRESSIVE;
				GCC_WARN_UNUSED_FUNCTION = YES;
				GCC_WARN_UNUSED_VARIABLE = YES;
				IPHONEOS_DEPLOYMENT_TARGET = 13.2;
				MTL_ENABLE_DEBUG_INFO = NO;
				MTL_FAST_MATH = YES;
				SDKROOT = iphoneos;
				SWIFT_COMPILATION_MODE = wholemodule;
				SWIFT_OPTIMIZATION_LEVEL = "-O";
				VALIDATE_PRODUCT = YES;
			};
			name = Release;
		};
		1C1165B223864EF30013093C /* Debug */ = {
			isa = XCBuildConfiguration;
			buildSettings = {
				ALWAYS_EMBED_SWIFT_STANDARD_LIBRARIES = YES;
				ASSETCATALOG_COMPILER_APPICON_NAME = AppIcon;
				CODE_SIGN_ENTITLEMENTS = GitGrass/GitGrassDebug.entitlements;
				CODE_SIGN_STYLE = Automatic;
				DEVELOPMENT_TEAM = VJ5N2X84K8;
				INFOPLIST_FILE = GitGrass/Info.plist;
				LD_RUNPATH_SEARCH_PATHS = (
					"$(inherited)",
					"@executable_path/Frameworks",
				);
				PRODUCT_BUNDLE_IDENTIFIER = com.kyome.iOS.GitGrass;
				PRODUCT_NAME = "$(TARGET_NAME)";
				SWIFT_VERSION = 5.0;
				TARGETED_DEVICE_FAMILY = 1;
			};
			name = Debug;
		};
		1C1165B323864EF30013093C /* Release */ = {
			isa = XCBuildConfiguration;
			buildSettings = {
				ALWAYS_EMBED_SWIFT_STANDARD_LIBRARIES = YES;
				ASSETCATALOG_COMPILER_APPICON_NAME = AppIcon;
				CODE_SIGN_STYLE = Automatic;
				DEVELOPMENT_TEAM = VJ5N2X84K8;
				INFOPLIST_FILE = GitGrass/Info.plist;
				LD_RUNPATH_SEARCH_PATHS = (
					"$(inherited)",
					"@executable_path/Frameworks",
				);
				PRODUCT_BUNDLE_IDENTIFIER = com.kyome.GitGrass;
				PRODUCT_NAME = "$(TARGET_NAME)";
				SWIFT_VERSION = 5.0;
				TARGETED_DEVICE_FAMILY = 1;
			};
			name = Release;
		};
		1C1165D0238659880013093C /* Debug */ = {
			isa = XCBuildConfiguration;
			buildSettings = {
				CODE_SIGN_ENTITLEMENTS = GitGrassExtension/GitGrassExtension.entitlements;
				CODE_SIGN_STYLE = Automatic;
				DEVELOPMENT_TEAM = VJ5N2X84K8;
				INFOPLIST_FILE = GitGrassExtension/Info.plist;
				LD_RUNPATH_SEARCH_PATHS = (
					"$(inherited)",
					"@executable_path/Frameworks",
					"@executable_path/../../Frameworks",
				);
				PRODUCT_BUNDLE_IDENTIFIER = com.kyome.iOS.GitGrass.GitGrassExtension;
				PRODUCT_NAME = "$(TARGET_NAME)";
				SKIP_INSTALL = YES;
				SWIFT_VERSION = 5.0;
				TARGETED_DEVICE_FAMILY = "1,2";
			};
			name = Debug;
		};
		1C1165D1238659880013093C /* Release */ = {
			isa = XCBuildConfiguration;
			buildSettings = {
				CODE_SIGN_ENTITLEMENTS = GitGrassExtension/GitGrassExtension.entitlements;
				CODE_SIGN_STYLE = Automatic;
				DEVELOPMENT_TEAM = VJ5N2X84K8;
				INFOPLIST_FILE = GitGrassExtension/Info.plist;
				LD_RUNPATH_SEARCH_PATHS = (
					"$(inherited)",
					"@executable_path/Frameworks",
					"@executable_path/../../Frameworks",
				);
				PRODUCT_BUNDLE_IDENTIFIER = com.kyome.iOS.GitGrass.GitGrassExtension;
				PRODUCT_NAME = "$(TARGET_NAME)";
				SKIP_INSTALL = YES;
				SWIFT_VERSION = 5.0;
				TARGETED_DEVICE_FAMILY = "1,2";
			};
			name = Release;
		};
/* End XCBuildConfiguration section */

/* Begin XCConfigurationList section */
		1C11659823864EF20013093C /* Build configuration list for PBXProject "GitGrass" */ = {
			isa = XCConfigurationList;
			buildConfigurations = (
				1C1165AF23864EF30013093C /* Debug */,
				1C1165B023864EF30013093C /* Release */,
			);
			defaultConfigurationIsVisible = 0;
			defaultConfigurationName = Release;
		};
		1C1165B123864EF30013093C /* Build configuration list for PBXNativeTarget "GitGrass" */ = {
			isa = XCConfigurationList;
			buildConfigurations = (
				1C1165B223864EF30013093C /* Debug */,
				1C1165B323864EF30013093C /* Release */,
			);
			defaultConfigurationIsVisible = 0;
			defaultConfigurationName = Release;
		};
		1C1165CF238659880013093C /* Build configuration list for PBXNativeTarget "GitGrassExtension" */ = {
			isa = XCConfigurationList;
			buildConfigurations = (
				1C1165D0238659880013093C /* Debug */,
				1C1165D1238659880013093C /* Release */,
			);
			defaultConfigurationIsVisible = 0;
			defaultConfigurationName = Release;
		};
/* End XCConfigurationList section */
	};
	rootObject = 1C11659523864EF20013093C /* Project object */;
}
