// !$*UTF8*$!
{
	archiveVersion = 1;
	classes = {
	};
	objectVersion = 50;
	objects = {

/* Begin PBXBuildFile section */
		1C116579238408C90013093C /* AppDelegate.swift in Sources */ = {isa = PBXBuildFile; fileRef = 1C116578238408C90013093C /* AppDelegate.swift */; };
		1C11657D238408CC0013093C /* Assets.xcassets in Resources */ = {isa = PBXBuildFile; fileRef = 1C11657C238408CC0013093C /* Assets.xcassets */; };
		1C116580238408CC0013093C /* Main.storyboard in Resources */ = {isa = PBXBuildFile; fileRef = 1C11657E238408CC0013093C /* Main.storyboard */; };
		1C11658923840BEB0013093C /* Extensions.swift in Sources */ = {isa = PBXBuildFile; fileRef = 1C11658823840BEB0013093C /* Extensions.swift */; };
		1C11658D23841AA50013093C /* PreferencesVC.swift in Sources */ = {isa = PBXBuildFile; fileRef = 1C11658C23841AA50013093C /* PreferencesVC.swift */; };
		1C11658F2384291B0013093C /* GitAccess.swift in Sources */ = {isa = PBXBuildFile; fileRef = 1C11658E2384291B0013093C /* GitAccess.swift */; };
		1C116591238438110013093C /* GrassParser.swift in Sources */ = {isa = PBXBuildFile; fileRef = 1C116590238438110013093C /* GrassParser.swift */; };
		1C5DB12C240CCBD300D7FB69 /* GrassView.swift in Sources */ = {isa = PBXBuildFile; fileRef = 1C5DB12B240CCBD300D7FB69 /* GrassView.swift */; };
		1C5DB12E240CCD4A00D7FB69 /* DataManager.swift in Sources */ = {isa = PBXBuildFile; fileRef = 1C5DB12D240CCD4A00D7FB69 /* DataManager.swift */; };
		1C5DB131240CE36700D7FB69 /* Localizable.strings in Resources */ = {isa = PBXBuildFile; fileRef = 1C5DB133240CE36700D7FB69 /* Localizable.strings */; };
		1C5DB139240CE50D00D7FB69 /* Preferences.storyboard in Resources */ = {isa = PBXBuildFile; fileRef = 1C5DB13B240CE50D00D7FB69 /* Preferences.storyboard */; };
		1CF2E54724AFABE30058F051 /* DayData.swift in Sources */ = {isa = PBXBuildFile; fileRef = 1CF2E54624AFABE30058F051 /* DayData.swift */; };
/* End PBXBuildFile section */

/* Begin PBXFileReference section */
		1C116575238408C90013093C /* GitGrass.app */ = {isa = PBXFileReference; explicitFileType = wrapper.application; includeInIndex = 0; path = GitGrass.app; sourceTree = BUILT_PRODUCTS_DIR; };
		1C116578238408C90013093C /* AppDelegate.swift */ = {isa = PBXFileReference; lastKnownFileType = sourcecode.swift; path = AppDelegate.swift; sourceTree = "<group>"; };
		1C11657C238408CC0013093C /* Assets.xcassets */ = {isa = PBXFileReference; lastKnownFileType = folder.assetcatalog; path = Assets.xcassets; sourceTree = "<group>"; };
		1C11657F238408CC0013093C /* Base */ = {isa = PBXFileReference; lastKnownFileType = file.storyboard; name = Base; path = Base.lproj/Main.storyboard; sourceTree = "<group>"; };
		1C116581238408CC0013093C /* Info.plist */ = {isa = PBXFileReference; lastKnownFileType = text.plist.xml; path = Info.plist; sourceTree = "<group>"; };
		1C116582238408CC0013093C /* GitGrass.entitlements */ = {isa = PBXFileReference; lastKnownFileType = text.plist.entitlements; path = GitGrass.entitlements; sourceTree = "<group>"; };
		1C11658823840BEB0013093C /* Extensions.swift */ = {isa = PBXFileReference; lastKnownFileType = sourcecode.swift; path = Extensions.swift; sourceTree = "<group>"; };
		1C11658C23841AA50013093C /* PreferencesVC.swift */ = {isa = PBXFileReference; lastKnownFileType = sourcecode.swift; path = PreferencesVC.swift; sourceTree = "<group>"; };
		1C11658E2384291B0013093C /* GitAccess.swift */ = {isa = PBXFileReference; lastKnownFileType = sourcecode.swift; path = GitAccess.swift; sourceTree = "<group>"; };
		1C116590238438110013093C /* GrassParser.swift */ = {isa = PBXFileReference; lastKnownFileType = sourcecode.swift; path = GrassParser.swift; sourceTree = "<group>"; };
		1C5DB12B240CCBD300D7FB69 /* GrassView.swift */ = {isa = PBXFileReference; lastKnownFileType = sourcecode.swift; path = GrassView.swift; sourceTree = "<group>"; };
		1C5DB12D240CCD4A00D7FB69 /* DataManager.swift */ = {isa = PBXFileReference; lastKnownFileType = sourcecode.swift; path = DataManager.swift; sourceTree = "<group>"; };
		1C5DB132240CE36700D7FB69 /* en */ = {isa = PBXFileReference; lastKnownFileType = text.plist.strings; name = en; path = en.lproj/Localizable.strings; sourceTree = "<group>"; };
		1C5DB134240CE37C00D7FB69 /* ja */ = {isa = PBXFileReference; lastKnownFileType = text.plist.strings; name = ja; path = ja.lproj/Localizable.strings; sourceTree = "<group>"; };
		1C5DB138240CE4DD00D7FB69 /* ja */ = {isa = PBXFileReference; lastKnownFileType = file.storyboard; name = ja; path = ja.lproj/Main.storyboard; sourceTree = "<group>"; };
		1C5DB13A240CE50D00D7FB69 /* Base */ = {isa = PBXFileReference; lastKnownFileType = file.storyboard; name = Base; path = Base.lproj/Preferences.storyboard; sourceTree = "<group>"; };
		1C5DB13E240CE51400D7FB69 /* ja */ = {isa = PBXFileReference; lastKnownFileType = file.storyboard; name = ja; path = ja.lproj/Preferences.storyboard; sourceTree = "<group>"; };
		1CF2E54624AFABE30058F051 /* DayData.swift */ = {isa = PBXFileReference; lastKnownFileType = sourcecode.swift; path = DayData.swift; sourceTree = "<group>"; };
/* End PBXFileReference section */

/* Begin PBXFrameworksBuildPhase section */
		1C116572238408C90013093C /* Frameworks */ = {
			isa = PBXFrameworksBuildPhase;
			buildActionMask = 2147483647;
			files = (
			);
			runOnlyForDeploymentPostprocessing = 0;
		};
/* End PBXFrameworksBuildPhase section */

/* Begin PBXGroup section */
		1C11656C238408C80013093C = {
			isa = PBXGroup;
			children = (
				1C116577238408C90013093C /* GitGrass */,
				1C116576238408C90013093C /* Products */,
			);
			sourceTree = "<group>";
		};
		1C116576238408C90013093C /* Products */ = {
			isa = PBXGroup;
			children = (
				1C116575238408C90013093C /* GitGrass.app */,
			);
			name = Products;
			sourceTree = "<group>";
		};
		1C116577238408C90013093C /* GitGrass */ = {
			isa = PBXGroup;
			children = (
				1C116578238408C90013093C /* AppDelegate.swift */,
				1CDD1CA8243ACD040086EB61 /* Utilities */,
				1C5DB135240CE4A600D7FB69 /* UI */,
				1C11657C238408CC0013093C /* Assets.xcassets */,
				1C116581238408CC0013093C /* Info.plist */,
				1C116582238408CC0013093C /* GitGrass.entitlements */,
				1C5DB133240CE36700D7FB69 /* Localizable.strings */,
			);
			path = GitGrass;
			sourceTree = "<group>";
		};
		1C5DB135240CE4A600D7FB69 /* UI */ = {
			isa = PBXGroup;
			children = (
				1C11657E238408CC0013093C /* Main.storyboard */,
				1C5DB12B240CCBD300D7FB69 /* GrassView.swift */,
				1C5DB13B240CE50D00D7FB69 /* Preferences.storyboard */,
				1C11658C23841AA50013093C /* PreferencesVC.swift */,
			);
			path = UI;
			sourceTree = "<group>";
		};
		1CDD1CA8243ACD040086EB61 /* Utilities */ = {
			isa = PBXGroup;
			children = (
				1C11658823840BEB0013093C /* Extensions.swift */,
				1C5DB12D240CCD4A00D7FB69 /* DataManager.swift */,
				1CF2E54624AFABE30058F051 /* DayData.swift */,
				1C11658E2384291B0013093C /* GitAccess.swift */,
				1C116590238438110013093C /* GrassParser.swift */,
			);
			path = Utilities;
			sourceTree = "<group>";
		};
/* End PBXGroup section */

/* Begin PBXNativeTarget section */
		1C116574238408C90013093C /* GitGrass */ = {
			isa = PBXNativeTarget;
			buildConfigurationList = 1C116585238408CC0013093C /* Build configuration list for PBXNativeTarget "GitGrass" */;
			buildPhases = (
				1C116571238408C90013093C /* Sources */,
				1C116572238408C90013093C /* Frameworks */,
				1C116573238408C90013093C /* Resources */,
			);
			buildRules = (
			);
			dependencies = (
			);
			name = GitGrass;
			productName = GitGrass;
			productReference = 1C116575238408C90013093C /* GitGrass.app */;
			productType = "com.apple.product-type.application";
		};
/* End PBXNativeTarget section */

/* Begin PBXProject section */
		1C11656D238408C90013093C /* Project object */ = {
			isa = PBXProject;
			attributes = {
				LastSwiftUpdateCheck = 1120;
				LastUpgradeCheck = 1210;
				ORGANIZATIONNAME = "Takuto Nakamura";
				TargetAttributes = {
					1C116574238408C90013093C = {
						CreatedOnToolsVersion = 11.2.1;
					};
				};
			};
			buildConfigurationList = 1C116570238408C90013093C /* Build configuration list for PBXProject "GitGrass" */;
			compatibilityVersion = "Xcode 9.3";
			developmentRegion = en;
			hasScannedForEncodings = 0;
			knownRegions = (
				en,
				Base,
				ja,
			);
			mainGroup = 1C11656C238408C80013093C;
			productRefGroup = 1C116576238408C90013093C /* Products */;
			projectDirPath = "";
			projectRoot = "";
			targets = (
				1C116574238408C90013093C /* GitGrass */,
			);
		};
/* End PBXProject section */

/* Begin PBXResourcesBuildPhase section */
		1C116573238408C90013093C /* Resources */ = {
			isa = PBXResourcesBuildPhase;
			buildActionMask = 2147483647;
			files = (
				1C5DB139240CE50D00D7FB69 /* Preferences.storyboard in Resources */,
				1C5DB131240CE36700D7FB69 /* Localizable.strings in Resources */,
				1C11657D238408CC0013093C /* Assets.xcassets in Resources */,
				1C116580238408CC0013093C /* Main.storyboard in Resources */,
			);
			runOnlyForDeploymentPostprocessing = 0;
		};
/* End PBXResourcesBuildPhase section */

/* Begin PBXSourcesBuildPhase section */
		1C116571238408C90013093C /* Sources */ = {
			isa = PBXSourcesBuildPhase;
			buildActionMask = 2147483647;
			files = (
				1CF2E54724AFABE30058F051 /* DayData.swift in Sources */,
				1C5DB12C240CCBD300D7FB69 /* GrassView.swift in Sources */,
				1C5DB12E240CCD4A00D7FB69 /* DataManager.swift in Sources */,
				1C116591238438110013093C /* GrassParser.swift in Sources */,
				1C11658F2384291B0013093C /* GitAccess.swift in Sources */,
				1C116579238408C90013093C /* AppDelegate.swift in Sources */,
				1C11658923840BEB0013093C /* Extensions.swift in Sources */,
				1C11658D23841AA50013093C /* PreferencesVC.swift in Sources */,
			);
			runOnlyForDeploymentPostprocessing = 0;
		};
/* End PBXSourcesBuildPhase section */

/* Begin PBXVariantGroup section */
		1C11657E238408CC0013093C /* Main.storyboard */ = {
			isa = PBXVariantGroup;
			children = (
				1C11657F238408CC0013093C /* Base */,
				1C5DB138240CE4DD00D7FB69 /* ja */,
			);
			name = Main.storyboard;
			sourceTree = "<group>";
		};
		1C5DB133240CE36700D7FB69 /* Localizable.strings */ = {
			isa = PBXVariantGroup;
			children = (
				1C5DB132240CE36700D7FB69 /* en */,
				1C5DB134240CE37C00D7FB69 /* ja */,
			);
			name = Localizable.strings;
			sourceTree = "<group>";
		};
		1C5DB13B240CE50D00D7FB69 /* Preferences.storyboard */ = {
			isa = PBXVariantGroup;
			children = (
				1C5DB13A240CE50D00D7FB69 /* Base */,
				1C5DB13E240CE51400D7FB69 /* ja */,
			);
			name = Preferences.storyboard;
			sourceTree = "<group>";
		};
/* End PBXVariantGroup section */

/* Begin XCBuildConfiguration section */
		1C116583238408CC0013093C /* Debug */ = {
			isa = XCBuildConfiguration;
			buildSettings = {
				ALWAYS_SEARCH_USER_PATHS = NO;
				CLANG_ANALYZER_LOCALIZABILITY_NONLOCALIZED = YES;
				CLANG_ANALYZER_NONNULL = YES;
				CLANG_ANALYZER_NUMBER_OBJECT_CONVERSION = YES_AGGRESSIVE;
				CLANG_CXX_LANGUAGE_STANDARD = "gnu++14";
				CLANG_CXX_LIBRARY = "libc++";
				CLANG_ENABLE_MODULES = YES;
				CLANG_ENABLE_OBJC_ARC = YES;
				CLANG_ENABLE_OBJC_WEAK = YES;
				CLANG_WARN_BLOCK_CAPTURE_AUTORELEASING = YES;
				CLANG_WARN_BOOL_CONVERSION = YES;
				CLANG_WARN_COMMA = YES;
				CLANG_WARN_CONSTANT_CONVERSION = YES;
				CLANG_WARN_DEPRECATED_OBJC_IMPLEMENTATIONS = YES;
				CLANG_WARN_DIRECT_OBJC_ISA_USAGE = YES_ERROR;
				CLANG_WARN_DOCUMENTATION_COMMENTS = YES;
				CLANG_WARN_EMPTY_BODY = YES;
				CLANG_WARN_ENUM_CONVERSION = YES;
				CLANG_WARN_INFINITE_RECURSION = YES;
				CLANG_WARN_INT_CONVERSION = YES;
				CLANG_WARN_NON_LITERAL_NULL_CONVERSION = YES;
				CLANG_WARN_OBJC_IMPLICIT_RETAIN_SELF = YES;
				CLANG_WARN_OBJC_LITERAL_CONVERSION = YES;
				CLANG_WARN_OBJC_ROOT_CLASS = YES_ERROR;
				CLANG_WARN_QUOTED_INCLUDE_IN_FRAMEWORK_HEADER = YES;
				CLANG_WARN_RANGE_LOOP_ANALYSIS = YES;
				CLANG_WARN_STRICT_PROTOTYPES = YES;
				CLANG_WARN_SUSPICIOUS_MOVE = YES;
				CLANG_WARN_UNGUARDED_AVAILABILITY = YES_AGGRESSIVE;
				CLANG_WARN_UNREACHABLE_CODE = YES;
				CLANG_WARN__DUPLICATE_METHOD_MATCH = YES;
				COPY_PHASE_STRIP = NO;
				DEBUG_INFORMATION_FORMAT = dwarf;
				ENABLE_STRICT_OBJC_MSGSEND = YES;
				ENABLE_TESTABILITY = YES;
				GCC_C_LANGUAGE_STANDARD = gnu11;
				GCC_DYNAMIC_NO_PIC = NO;
				GCC_NO_COMMON_BLOCKS = YES;
				GCC_OPTIMIZATION_LEVEL = 0;
				GCC_PREPROCESSOR_DEFINITIONS = (
					"DEBUG=1",
					"$(inherited)",
				);
				GCC_WARN_64_TO_32_BIT_CONVERSION = YES;
				GCC_WARN_ABOUT_RETURN_TYPE = YES_ERROR;
				GCC_WARN_UNDECLARED_SELECTOR = YES;
				GCC_WARN_UNINITIALIZED_AUTOS = YES_AGGRESSIVE;
				GCC_WARN_UNUSED_FUNCTION = YES;
				GCC_WARN_UNUSED_VARIABLE = YES;
				MACOSX_DEPLOYMENT_TARGET = 10.14;
				MTL_ENABLE_DEBUG_INFO = INCLUDE_SOURCE;
				MTL_FAST_MATH = YES;
				ONLY_ACTIVE_ARCH = YES;
				SDKROOT = macosx;
				SWIFT_ACTIVE_COMPILATION_CONDITIONS = DEBUG;
				SWIFT_OPTIMIZATION_LEVEL = "-Onone";
			};
			name = Debug;
		};
		1C116584238408CC0013093C /* Release */ = {
			isa = XCBuildConfiguration;
			buildSettings = {
				ALWAYS_SEARCH_USER_PATHS = NO;
				CLANG_ANALYZER_LOCALIZABILITY_NONLOCALIZED = YES;
				CLANG_ANALYZER_NONNULL = YES;
				CLANG_ANALYZER_NUMBER_OBJECT_CONVERSION = YES_AGGRESSIVE;
				CLANG_CXX_LANGUAGE_STANDARD = "gnu++14";
				CLANG_CXX_LIBRARY = "libc++";
				CLANG_ENABLE_MODULES = YES;
				CLANG_ENABLE_OBJC_ARC = YES;
				CLANG_ENABLE_OBJC_WEAK = YES;
				CLANG_WARN_BLOCK_CAPTURE_AUTORELEASING = YES;
				CLANG_WARN_BOOL_CONVERSION = YES;
				CLANG_WARN_COMMA = YES;
				CLANG_WARN_CONSTANT_CONVERSION = YES;
				CLANG_WARN_DEPRECATED_OBJC_IMPLEMENTATIONS = YES;
				CLANG_WARN_DIRECT_OBJC_ISA_USAGE = YES_ERROR;
				CLANG_WARN_DOCUMENTATION_COMMENTS = YES;
				CLANG_WARN_EMPTY_BODY = YES;
				CLANG_WARN_ENUM_CONVERSION = YES;
				CLANG_WARN_INFINITE_RECURSION = YES;
				CLANG_WARN_INT_CONVERSION = YES;
				CLANG_WARN_NON_LITERAL_NULL_CONVERSION = YES;
				CLANG_WARN_OBJC_IMPLICIT_RETAIN_SELF = YES;
				CLANG_WARN_OBJC_LITERAL_CONVERSION = YES;
				CLANG_WARN_OBJC_ROOT_CLASS = YES_ERROR;
				CLANG_WARN_QUOTED_INCLUDE_IN_FRAMEWORK_HEADER = YES;
				CLANG_WARN_RANGE_LOOP_ANALYSIS = YES;
				CLANG_WARN_STRICT_PROTOTYPES = YES;
				CLANG_WARN_SUSPICIOUS_MOVE = YES;
				CLANG_WARN_UNGUARDED_AVAILABILITY = YES_AGGRESSIVE;
				CLANG_WARN_UNREACHABLE_CODE = YES;
				CLANG_WARN__DUPLICATE_METHOD_MATCH = YES;
				COPY_PHASE_STRIP = NO;
				DEBUG_INFORMATION_FORMAT = "dwarf-with-dsym";
				ENABLE_NS_ASSERTIONS = NO;
				ENABLE_STRICT_OBJC_MSGSEND = YES;
				GCC_C_LANGUAGE_STANDARD = gnu11;
				GCC_NO_COMMON_BLOCKS = YES;
				GCC_WARN_64_TO_32_BIT_CONVERSION = YES;
				GCC_WARN_ABOUT_RETURN_TYPE = YES_ERROR;
				GCC_WARN_UNDECLARED_SELECTOR = YES;
				GCC_WARN_UNINITIALIZED_AUTOS = YES_AGGRESSIVE;
				GCC_WARN_UNUSED_FUNCTION = YES;
				GCC_WARN_UNUSED_VARIABLE = YES;
				MACOSX_DEPLOYMENT_TARGET = 10.14;
				MTL_ENABLE_DEBUG_INFO = NO;
				MTL_FAST_MATH = YES;
				SDKROOT = macosx;
				SWIFT_COMPILATION_MODE = wholemodule;
				SWIFT_OPTIMIZATION_LEVEL = "-O";
			};
			name = Release;
		};
		1C116586238408CC0013093C /* Debug */ = {
			isa = XCBuildConfiguration;
			buildSettings = {
				ASSETCATALOG_COMPILER_APPICON_NAME = AppIcon;
				CODE_SIGN_ENTITLEMENTS = GitGrass/GitGrass.entitlements;
				CODE_SIGN_IDENTITY = "-";
				CODE_SIGN_STYLE = Automatic;
				COMBINE_HIDPI_IMAGES = YES;
				CURRENT_PROJECT_VERSION = 1.6.0;
				DEVELOPMENT_TEAM = VJ5N2X84K8;
				ENABLE_HARDENED_RUNTIME = YES;
				INFOPLIST_FILE = GitGrass/Info.plist;
				LD_RUNPATH_SEARCH_PATHS = (
					"$(inherited)",
					"@executable_path/../Frameworks",
				);
				MARKETING_VERSION = 1.6;
				OTHER_SWIFT_FLAGS = "-D DEBUG";
				PRODUCT_BUNDLE_IDENTIFIER = com.kyome.GitGrass;
				PRODUCT_NAME = "$(TARGET_NAME)";
				SWIFT_VERSION = 5.0;
			};
			name = Debug;
		};
		1C116587238408CC0013093C /* Release */ = {
			isa = XCBuildConfiguration;
			buildSettings = {
				ASSETCATALOG_COMPILER_APPICON_NAME = AppIcon;
				CODE_SIGN_ENTITLEMENTS = GitGrass/GitGrass.entitlements;
				CODE_SIGN_IDENTITY = "-";
				CODE_SIGN_STYLE = Automatic;
				COMBINE_HIDPI_IMAGES = YES;
				CURRENT_PROJECT_VERSION = 1.6.0;
				DEVELOPMENT_TEAM = VJ5N2X84K8;
				ENABLE_HARDENED_RUNTIME = YES;
				INFOPLIST_FILE = GitGrass/Info.plist;
				LD_RUNPATH_SEARCH_PATHS = (
					"$(inherited)",
					"@executable_path/../Frameworks",
				);
				MARKETING_VERSION = 1.6;
				PRODUCT_BUNDLE_IDENTIFIER = com.kyome.GitGrass;
				PRODUCT_NAME = "$(TARGET_NAME)";
				SWIFT_VERSION = 5.0;
			};
			name = Release;
		};
/* End XCBuildConfiguration section */

/* Begin XCConfigurationList section */
		1C116570238408C90013093C /* Build configuration list for PBXProject "GitGrass" */ = {
			isa = XCConfigurationList;
			buildConfigurations = (
				1C116583238408CC0013093C /* Debug */,
				1C116584238408CC0013093C /* Release */,
			);
			defaultConfigurationIsVisible = 0;
			defaultConfigurationName = Release;
		};
		1C116585238408CC0013093C /* Build configuration list for PBXNativeTarget "GitGrass" */ = {
			isa = XCConfigurationList;
			buildConfigurations = (
				1C116586238408CC0013093C /* Debug */,
				1C116587238408CC0013093C /* Release */,
			);
			defaultConfigurationIsVisible = 0;
			defaultConfigurationName = Release;
		};
/* End XCConfigurationList section */
	};
	rootObject = 1C11656D238408C90013093C /* Project object */;
}
