{
  "originHash" : "0d1658cbc9df0cb7551e112b7b1f14973b86eeb40e34c844b8cbfbdea9aba69d",
  "pins" : [
    {
      "identity" : "dependencylist",
      "kind" : "remoteSourceControl",
      "location" : "https://github.com/Kyome22/DependencyList.git",
      "state" : {
        "revision" : "a6e11c5899371b0d4903d192f4e2c39edd7f2550",
        "version" : "1.0.0"
      }
    },
    {
      "identity" : "keychainaccess",
      "kind" : "remoteSourceControl",
      "location" : "https://github.com/kishikawakatsumi/KeychainAccess.git",
      "state" : {
        "revision" : "84e546727d66f1adc5439debad16270d0fdd04e7",
        "version" : "4.2.2"
      }
    },
    {
      "identity" : "swift-argument-parser",
      "kind" : "remoteSourceControl",
      "location" : "https://github.com/apple/swift-argument-parser.git",
      "state" : {
        "revision" : "41982a3656a71c768319979febd796c6fd111d5c",
        "version" : "1.5.0"
      }
    },
    {
      "identity" : "swift-log",
      "kind" : "remoteSourceControl",
      "location" : "https://github.com/apple/swift-log.git",
      "state" : {
        "revision" : "96a2f8a0fa41e9e09af4585e2724c4e825410b91",
        "version" : "1.6.2"
      }
    }
  ],
  "version" : 3
}
